{
  "R": {
    "Version": "3.5.3",
    "Repositories": [
      {
        "Name": "CRAN",
        "URL": "https://packagemanager.posit.co/cran/2019-04-15"
      }
    ]
  },
  "Packages": {
    "BH": {
      "Package": "BH",
      "Version": "1.69.0-1",
      "Source": "Repository",
      "Repository": "CRAN",
      "Hash": "f4605d46264b35f53072fc9ee7ace15f"
    },
    "DBI": {
      "Package": "DBI",
      "Version": "1.0.0",
      "Source": "Repository",
      "Repository": "CRAN",
      "Hash": "7bc8be0e425da29fe0e10f792bdbb74b"
    },
    "DT": {
      "Package": "DT",
      "Version": "0.13.4",
      "Source": "GitHub",
      "RemoteType": "github",
      "RemoteHost": "api.github.com",
      "RemoteRepo": "DT",
      "RemoteUsername": "rstudio",
      "RemoteRef": "master",
      "RemoteSha": "cd8e49fa69ddb786974fb661c275b780adcbebf9",
      "Hash": "d63c92877071fb219ab925b868cfa91a"
    },
    "DTedit": {
      "Package": "DTedit",
      "Version": "2.3.2",
      "Source": "GitHub",
      "RemoteType": "github",
      "RemoteHost": "api.github.com",
      "RemoteRepo": "DTedit",
      "RemoteUsername": "DavidPatShuiFong",
      "RemoteRef": "develop",
      "RemoteSha": "7c6aa4b7260284a6f5935faaae2dae55720cc4cb",
      "Hash": "46c0f41dac99dcaf18ab0e17bfccf10a"
    },
    "MASS": {
      "Package": "MASS",
      "Version": "7.3-51.1",
      "Source": "Repository",
      "Repository": "CRAN",
      "Hash": "c64a9edaef0658e36905934c5a7aa499"
    },
    "Matrix": {
      "Package": "Matrix",
      "Version": "1.2-15",
      "Source": "Repository",
      "Repository": "CRAN",
      "Hash": "ffbff17356922d442a4d6fab32e2bc96"
    },
    "R6": {
      "Package": "R6",
      "Version": "2.4.0",
      "Source": "Repository",
      "Repository": "CRAN",
      "Hash": "d4618c4cb36bc46831551c5d85815818"
    },
    "RColorBrewer": {
      "Package": "RColorBrewer",
      "Version": "1.1-2",
      "Source": "Repository",
      "Repository": "CRAN",
      "Hash": "e031418365a7f7a766181ab5a41a5716"
    },
    "RSQLite": {
      "Package": "RSQLite",
      "Version": "2.1.1",
      "Source": "Repository",
      "Repository": "CRAN",
      "Hash": "78c7eac4e23d9cbc194b7439bfc45079"
    },
    "Rcpp": {
      "Package": "Rcpp",
      "Version": "1.0.1",
      "Source": "Repository",
      "Repository": "CRAN",
      "Hash": "d5ae8445d4972caed1c5517ffae908d7"
    },
    "RcppTOML": {
      "Package": "RcppTOML",
      "Version": "0.1.5",
      "Source": "Repository",
      "Repository": "CRAN",
      "Hash": "951dacb765f42871f4e93af82327dbc1"
    },
    "TTR": {
      "Package": "TTR",
      "Version": "0.23-4",
      "Source": "Repository",
      "Repository": "CRAN",
      "Hash": "1513ea059a6e164eb14dd35dbf278c12"
    },
    "XML": {
      "Package": "XML",
      "Version": "3.98-1.19",
      "Source": "Repository",
      "Repository": "CRAN",
      "Hash": "b615f3f1802258deb01f1ff5ff750541"
    },
    "airtabler": {
      "Package": "airtabler",
      "Version": "0.1.6",
      "Source": "GitHub",
      "RemoteType": "github",
      "RemoteHost": "api.github.com",
      "RemoteRepo": "airtabler",
      "RemoteUsername": "bergant",
      "RemoteRef": "master",
      "RemoteSha": "c53967962a97396dc738fa14e3aa0537c4bc4dac",
      "Hash": "3fd0bfd8d89b20e1937e56fb4d09aae4"
    },
    "askpass": {
      "Package": "askpass",
      "Version": "1.1",
      "Source": "Repository",
      "Repository": "CRAN",
      "Hash": "e8a22846fff485f0be3770c2da758713"
    },
    "assertthat": {
      "Package": "assertthat",
      "Version": "0.2.1",
      "Source": "Repository",
      "Repository": "CRAN",
      "Hash": "50c838a310445e954bc13f26f26a6ecf"
    },
    "attempt": {
      "Package": "attempt",
      "Version": "0.3.0",
      "Source": "Repository",
      "Repository": "CRAN",
      "Hash": "9aaae25e273927dba4e279caac478baa"
    },
    "backports": {
      "Package": "backports",
      "Version": "1.1.4",
      "Source": "Repository",
      "Repository": "CRAN",
      "Hash": "b9a4db2667d7e43d197ed12e40781889"
    },
    "base64enc": {
      "Package": "base64enc",
      "Version": "0.1-3",
      "Source": "Repository",
      "Repository": "CRAN",
      "Hash": "543776ae6848fde2f48ff3816d0628bc"
    },
    "bit": {
      "Package": "bit",
      "Version": "1.1-14",
      "Source": "Repository",
      "Repository": "CRAN",
      "Hash": "ac0b4115f7bddd07e733e1ac1697c687"
    },
    "bit64": {
      "Package": "bit64",
      "Version": "0.9-7",
      "Source": "Repository",
      "Repository": "CRAN",
      "Hash": "3338d4a9b1352f5a613e2bdcefe784ea"
    },
    "blob": {
      "Package": "blob",
      "Version": "1.2.0",
      "Source": "GitHub",
      "RemoteType": "github",
      "RemoteHost": "api.github.com",
      "RemoteRepo": "blob",
      "RemoteUsername": "tidyverse",
      "RemoteRef": "v1.2.0",
      "RemoteSha": "aa3095564bbb7c1cfc88b22aa50e44e3b01b9474",
      "Hash": "34e63d2e1039bb132862d4cef88dfafb"
    },
    "brew": {
      "Package": "brew",
      "Version": "1.0-6",
      "Source": "Repository",
      "Repository": "CRAN",
      "Hash": "92a5f887f9ae3035ac7afde22ba73ee9"
    },
    "broom": {
      "Package": "broom",
      "Version": "0.5.2",
      "Source": "Repository",
      "Repository": "CRAN",
      "Hash": "065e275fddb15dc398c02dccba7c2922"
    },
    "callr": {
      "Package": "callr",
      "Version": "3.2.0",
      "Source": "Repository",
      "Repository": "CRAN",
      "Hash": "e968f494679838e2a12dbc15aa94c9ee"
    },
    "cellranger": {
      "Package": "cellranger",
      "Version": "1.1.0",
      "Source": "Repository",
      "Repository": "CRAN",
      "Hash": "f61dbaec772ccd2e17705c1e872e9e7c"
    },
    "cli": {
      "Package": "cli",
      "Version": "2.0.0",
      "Source": "GitHub",
      "RemoteType": "github",
      "RemoteHost": "api.github.com",
      "RemoteRepo": "cli",
      "RemoteUsername": "r-lib",
      "RemoteRef": "v2.0.0",
      "RemoteSha": "9a133422f200f7aa0cdc78b28eb42770cdfe4b35",
      "Hash": "ce29b964fe9033e720e73906c8ad7be1"
    },
    "clipr": {
      "Package": "clipr",
      "Version": "0.5.0",
      "Source": "Repository",
      "Repository": "CRAN",
      "Hash": "f470b4aeb573f770fea6ced401c7fb39"
    },
    "colorspace": {
      "Package": "colorspace",
      "Version": "1.4-1",
      "Source": "Repository",
      "Repository": "CRAN",
      "Hash": "6b436e95723d1f0e861224dd9b094dfb"
    },
    "commonmark": {
      "Package": "commonmark",
      "Version": "1.7",
      "Source": "Repository",
      "Repository": "CRAN",
      "Hash": "0f22be39ec1d141fd03683c06f3a6e67"
    },
    "config": {
      "Package": "config",
      "Version": "0.3",
      "Source": "Repository",
      "Repository": "CRAN",
      "Hash": "76268942467fa8ba171e9aa34203ee2a"
    },
    "configr": {
      "Package": "configr",
      "Version": "0.3.4",
      "Source": "Repository",
      "Repository": "CRAN",
      "Hash": "ef2bd7278b0cfa2c14362b9cba28c6fc"
    },
    "crayon": {
      "Package": "crayon",
      "Version": "1.3.4",
      "Source": "Repository",
      "Repository": "CRAN",
      "Hash": "0d57bc8e27b7ba9e45dba825ebc0de6b"
    },
    "crosstalk": {
      "Package": "crosstalk",
      "Version": "1.0.0",
      "Source": "Repository",
      "Repository": "CRAN",
      "Hash": "4ac529753d1e529966ef675d7f0c762b"
    },
    "curl": {
      "Package": "curl",
      "Version": "4.2",
      "Source": "GitHub",
      "RemoteType": "github",
      "RemoteHost": "api.github.com",
      "RemoteUsername": "jeroen",
      "RemoteRepo": "curl",
      "RemoteRef": "v4.2",
      "RemoteSha": "e2708bd40b4abc1414f335f3b341f4bfde15f653",
      "Hash": "ba2ae49ca5d65be0781f0993f3e9bb62"
    },
    "dMeasure": {
      "Package": "dMeasure",
      "Version": "0.11.1",
      "Source": "GitHub",
      "RemoteType": "github",
      "RemoteHost": "api.github.com",
      "RemoteRepo": "dMeasure",
      "RemoteUsername": "DavidPatShuiFong",
      "RemoteRef": "develop",
      "RemoteSha": "24f25c6fea848bba8fd451b982a681d0e48a6aa9",
      "Hash": "3fec56c99b363b373d852ba7a15a060d"
    },
    "dMeasureAppointments": {
      "Package": "dMeasureAppointments",
      "Version": "1.2.0",
      "Source": "GitHub",
      "RemoteType": "github",
      "RemoteHost": "api.github.com",
      "RemoteRepo": "dMeasureAppointments",
      "RemoteUsername": "DavidPatShuiFong",
      "RemoteRef": "develop",
      "RemoteSha": "7c3dc772125132f0175108919aa9ca01e2d1d468",
      "Hash": "2961d89ec7f1ca56acfbd776eee526f5"
    },
    "dMeasureBillings": {
      "Package": "dMeasureBillings",
      "Version": "0.5.0",
      "Source": "GitHub",
      "RemoteType": "github",
      "RemoteHost": "api.github.com",
      "RemoteRepo": "dMeasureBillings",
      "RemoteUsername": "DavidPatShuiFong",
      "RemoteRef": "develop",
      "RemoteSha": "1d1d2043472be11f2c76ab3b0f212342bb8765df",
      "Hash": "a41a3e8d1991c8f4e5891c79f1f45eec"
    },
    "dMeasureCDM": {
      "Package": "dMeasureCDM",
      "Version": "0.6.0",
      "Source": "GitHub",
      "RemoteType": "github",
      "RemoteHost": "api.github.com",
      "RemoteRepo": "dMeasureCDM",
      "RemoteUsername": "DavidPatShuiFong",
      "RemoteRef": "develop",
      "RemoteSha": "2c6f5a9613fd8fcd51093823f37d774c2db678f6",
      "Hash": "50209f115de2a4eab60ac2e01a0f8750"
    },
    "dMeasureCustom": {
      "Package": "dMeasureCustom",
      "Version": "1.2.0",
      "Source": "GitHub",
      "RemoteType": "github",
      "RemoteHost": "api.github.com",
      "RemoteRepo": "dMeasureCustom",
      "RemoteUsername": "DavidPatShuiFong",
      "RemoteRef": "develop",
      "RemoteSha": "15c31e726b93bf552d321433ccf3d2744e545045",
      "Hash": "db31289b7e1c9b96c681bc4e8db4d22a"
    },
    "dMeasureMedication": {
      "Package": "dMeasureMedication",
      "Version": "1.1.0",
      "Source": "GitHub",
      "RemoteType": "github",
      "RemoteHost": "api.github.com",
      "RemoteRepo": "dMeasureMedication",
      "RemoteUsername": "DavidPatShuiFong",
      "RemoteRef": "develop",
      "RemoteSha": "91923281cdf36ca9e3de905c4680cac794ef3ca5",
      "Hash": "b961ac8c5dfc18b812179d0a24679faa"
    },
    "dMeasureQIM": {
      "Package": "dMeasureQIM",
      "Version": "0.6.1",
      "Source": "GitHub",
      "RemoteType": "github",
      "RemoteHost": "api.github.com",
      "RemoteRepo": "dMeasureQIM",
      "RemoteUsername": "DavidPatShuiFong",
      "RemoteRef": "develop",
      "RemoteSha": "94ea2cecadce21219d54cba25a1632607c52c4c5",
      "Hash": "c4decd8c602212f039b09848a52e8050"
    },
    "data.table": {
      "Package": "data.table",
      "Version": "1.12.2",
      "Source": "Repository",
      "Repository": "CRAN",
      "Hash": "2acfeb805afc84b919dcbe1f32a23529"
    },
    "dbConnection": {
      "Package": "dbConnection",
      "Version": "0.3.0",
      "Source": "GitHub",
      "RemoteType": "github",
      "RemoteHost": "api.github.com",
      "RemoteRepo": "dbConnection",
      "RemoteUsername": "DavidPatShuiFong",
      "RemoteRef": "master",
      "RemoteSha": "8d15ae691a126e2a2788eb99a26decdf09053718",
      "Hash": "4f0829592a8db4a1ec2a9dcf6ba6a0ec"
    },
    "dbplyr": {
      "Package": "dbplyr",
      "Version": "2.0.0",
      "Source": "GitHub",
      "RemoteType": "github",
      "RemoteHost": "api.github.com",
      "RemoteRepo": "dbplyr",
      "RemoteUsername": "DavidPatShuiFong",
      "RemoteRef": "feature/doubletrycastMSSQL",
      "RemoteSha": "aa99193b44dd09d30f32a9fa6a1205f8bf56d6cd",
      "Hash": "06f083b7577978aca7a24c241eb28d42"
    },
    "desc": {
      "Package": "desc",
      "Version": "1.2.0",
      "Source": "Repository",
      "Repository": "CRAN",
      "Hash": "6c8fe8fa26a23b79949375d372c7b395"
    },
    "devtools": {
      "Package": "devtools",
      "Version": "2.0.2",
      "Source": "Repository",
      "Repository": "CRAN",
      "Hash": "88d59651e24900b8fd9e7ab9a860a3fa"
    },
    "digest": {
      "Package": "digest",
      "Version": "0.6.18",
      "Source": "Repository",
      "Repository": "CRAN",
      "Hash": "496dd262e1ec64e452151479a74c972f"
    },
    "dockerfiler": {
      "Package": "dockerfiler",
      "Version": "0.1.3",
      "Source": "Repository",
      "Repository": "CRAN",
      "Hash": "95d780d9cf3384d97579fc324a8d4c31"
    },
    "dplyr": {
      "Package": "dplyr",
      "Version": "0.8.99.9003",
      "Source": "GitHub",
      "RemoteType": "github",
      "RemoteHost": "api.github.com",
      "RemoteRepo": "dplyr",
      "RemoteUsername": "tidyverse",
      "RemoteRef": "master",
      "RemoteSha": "d2627f716091524748b4e72dff5dbd58823532c7",
      "Hash": "87ec080435958bed0c4796827edd35d0"
    },
    "ellipsis": {
      "Package": "ellipsis",
      "Version": "0.3.0.9000",
      "Source": "GitHub",
      "RemoteType": "github",
      "RemoteHost": "api.github.com",
      "RemoteRepo": "ellipsis",
      "RemoteUsername": "r-lib",
      "RemoteRef": "master",
      "RemoteSha": "77387d25aa670a8425df869b9bbbd1a3131d0410",
      "Hash": "cbcc423f7a488e5337c52089f3451afa"
    },
    "emo": {
      "Package": "emo",
      "Version": "0.0.0.9000",
      "Source": "GitHub",
      "RemoteType": "github",
      "RemoteHost": "api.github.com",
      "RemoteRepo": "emo",
      "RemoteUsername": "hadley",
      "RemoteRef": "master",
      "RemoteSha": "3f03b11491ce3d6fc5601e210927eff73bf8e350",
      "Hash": "5ece31a6c0f94811e6bef59482d87164"
    },
    "evaluate": {
      "Package": "evaluate",
      "Version": "0.15",
      "Source": "GitHub",
      "RemoteType": "github",
      "RemoteHost": "api.github.com",
      "RemoteRepo": "evaluate",
      "RemoteUsername": "r-lib",
      "RemoteRef": "v0.15",
      "RemoteSha": "fce71e05fdafa1c39005a807505814baefde7bfb",
      "Hash": "d8dc0f61143fe5e6df622c2725847fc8"
    },
    "fansi": {
      "Package": "fansi",
      "Version": "0.4.0",
      "Source": "Repository",
      "Repository": "CRAN",
      "Hash": "b31d9e5d051553d1177083aeba04b5b9"
    },
    "fastmap": {
      "Package": "fastmap",
      "Version": "1.0.1",
      "Source": "GitHub",
      "RemoteType": "github",
      "RemoteHost": "api.github.com",
      "RemoteRepo": "fastmap",
      "RemoteUsername": "r-lib",
      "RemoteRef": "master",
      "RemoteSha": "61c609993a40b8101b141b2c940bf8ccbaef4dfa",
      "Hash": "da9edb292acfa4e9a417be4f13bab9fa"
    },
    "framinghamRiskEquation": {
      "Package": "framinghamRiskEquation",
      "Version": "1.0.1",
      "Source": "GitHub",
      "RemoteType": "github",
      "RemoteHost": "api.github.com",
      "RemoteRepo": "framinghamRiskEquation",
      "RemoteUsername": "DavidPatShuiFong",
      "RemoteRef": "develop",
      "RemoteSha": "275629846c00a8d20ab4ee8174a5b2edbdafaf01",
      "Hash": "0b473b95ed7a76d870e7b4e9156a0f81"
    },
    "fs": {
      "Package": "fs",
      "Version": "1.3.0",
      "Source": "GitHub",
      "RemoteType": "github",
      "RemoteHost": "api.github.com",
      "RemoteRepo": "fs",
      "RemoteUsername": "r-lib",
      "RemoteRef": "v1.3.0",
      "RemoteSha": "fe3878968f240fbb6fb3f1e900723f2de33f917d",
      "Hash": "0a6acd1af99b7db30ca3f3cbd5677e93"
    },
    "generics": {
      "Package": "generics",
      "Version": "0.0.2",
      "Source": "Repository",
      "Repository": "CRAN",
      "Hash": "b8cff1d1391fd1ad8b65877f4c7f2e53"
    },
    "ggplot2": {
      "Package": "ggplot2",
      "Version": "3.3.0.9000",
      "Source": "GitHub",
      "RemoteType": "github",
      "RemoteHost": "api.github.com",
      "RemoteRepo": "ggplot2",
      "RemoteUsername": "tidyverse",
      "RemoteRef": "master",
      "RemoteSha": "f1422ea6a67364b454d7b8f9094428e952080489",
      "Hash": "545ed65e817d4ee606ca9c7b9030dad7"
    },
    "gh": {
      "Package": "gh",
      "Version": "1.1.0",
      "Source": "GitHub",
      "RemoteType": "github",
      "RemoteHost": "api.github.com",
      "RemoteRepo": "gh",
      "RemoteUsername": "r-lib",
      "RemoteRef": "1.1.0",
      "RemoteSha": "e3eb65dd1526a2d3900ad1edeadf1b353976c360",
      "Hash": "138ef33db0e777d31ca95605be095a4d"
    },
    "git2r": {
      "Package": "git2r",
      "Version": "0.25.2",
      "Source": "Repository",
      "Repository": "CRAN",
      "Hash": "b0b62a21371dd846b4f790ebf279706f"
    },
    "glue": {
      "Package": "glue",
      "Version": "1.4.0.9000",
      "Source": "GitHub",
      "RemoteType": "github",
      "Remotes": "r-lib/vctrs",
      "RemoteHost": "api.github.com",
      "RemoteRepo": "glue",
      "RemoteUsername": "tidyverse",
      "RemoteRef": "master",
      "RemoteSha": "2c19de2d28bbbdb5e2c1be5f1bfeba979d192f68",
      "Hash": "b04469900180a95660cb45ff8131bba2"
    },
    "golem": {
      "Package": "golem",
      "Version": "0.3.1.9001",
      "Source": "GitHub",
      "RemoteType": "github",
      "RemoteHost": "api.github.com",
      "RemoteRepo": "golem",
      "RemoteUsername": "Thinkr-open",
      "RemoteRef": "master",
      "RemoteSha": "4c5d06a93acb865a90bd826fd3b3bfaa308d2c0e",
      "Hash": "3c1c4d7ea07dcd5846d50bab66d4a8c1"
    },
    "gtable": {
      "Package": "gtable",
      "Version": "0.3.0",
      "Source": "Repository",
      "Repository": "CRAN",
      "Hash": "ac5c6baf7822ce8732b343f14c072c4d"
    },
    "here": {
      "Package": "here",
      "Version": "0.1",
      "Source": "Repository",
      "Repository": "CRAN",
      "Hash": "2c0406b8e0a4c3516ab37be62da74e3c"
    },
    "highcharter": {
      "Package": "highcharter",
      "Version": "0.7.0",
      "Source": "Repository",
      "Repository": "CRAN",
      "Hash": "5b89fd5648ce73174dd83e921999eef3"
    },
    "highr": {
      "Package": "highr",
      "Version": "0.8",
      "Source": "Repository",
      "Repository": "CRAN",
      "Hash": "4dc5bb88961e347a0f4d8aad597cbfac"
    },
    "hms": {
      "Package": "hms",
      "Version": "0.4.2",
      "Source": "Repository",
      "Repository": "CRAN",
      "Hash": "b1d40b416da234147d5869a009458702"
    },
    "htmltools": {
      "Package": "htmltools",
      "Version": "0.5.0",
      "Source": "GitHub",
      "RemoteType": "github",
      "RemoteHost": "api.github.com",
      "RemoteRepo": "htmltools",
      "RemoteUsername": "rstudio",
      "RemoteRef": "v0.5.0",
      "RemoteSha": "f7c6e459f8724b8fb6e233d6bb36537e16cf4b43",
      "Hash": "2b5dee8facff36c2aaf61309f10a5889"
    },
    "htmlwidgets": {
      "Package": "htmlwidgets",
      "Version": "1.5.1",
      "Source": "GitHub",
      "RemoteType": "github",
      "RemoteHost": "api.github.com",
      "RemoteRepo": "htmlwidgets",
      "RemoteUsername": "ramnathv",
      "RemoteRef": "v1.5.1",
      "RemoteSha": "cb7e3d1ad8c55560109edf91ccc179b4cb6a497e",
      "Hash": "f70073e623885722f4a9bf7533f9bcdd"
    },
    "httpuv": {
      "Package": "httpuv",
      "Version": "1.5.2.9000",
      "Source": "GitHub",
      "RemoteType": "github",
      "RemoteHost": "api.github.com",
      "RemoteRepo": "httpuv",
      "RemoteUsername": "rstudio",
      "RemoteRef": "master",
      "RemoteSha": "7d42c12efae4d8a3b6b4d9d16c5f97efe60e6450",
      "Hash": "4b06ddbbc51f62ec42c8ba70ff859823"
    },
    "httr": {
      "Package": "httr",
      "Version": "1.4.0",
      "Source": "Repository",
      "Repository": "CRAN",
      "Hash": "194b9f75755db776bc5a34ee8b95fe7e"
    },
    "hunspell": {
      "Package": "hunspell",
      "Version": "3.0",
      "Source": "Repository",
      "Repository": "CRAN",
      "Hash": "71e7853d60b6b4ba891d62ede21752e9"
    },
    "igraph": {
      "Package": "igraph",
      "Version": "1.2.4",
      "Source": "Repository",
      "Repository": "CRAN",
      "Hash": "3cf44bf9b698275c7c4c474f9da137bb"
    },
    "ini": {
      "Package": "ini",
      "Version": "0.3.1",
      "Source": "Repository",
      "Repository": "CRAN",
      "Hash": "6154ec2223172bce8162d4153cda21f7"
    },
    "isoband": {
      "Package": "isoband",
      "Version": "0.2.0",
      "Source": "Repository",
      "Repository": "CRAN",
      "Hash": "15f6d57a664cd953a31ae4ea61e5e60e"
    },
    "jsonlite": {
      "Package": "jsonlite",
      "Version": "1.6",
      "Source": "Repository",
      "Repository": "CRAN",
      "Hash": "bc5739654d032acf531356e32e0d0f54"
    },
    "knitr": {
      "Package": "knitr",
      "Version": "1.39.1",
      "Source": "GitHub",
      "RemoteType": "github",
      "RemoteHost": "api.github.com",
      "RemoteRepo": "knitr",
      "RemoteUsername": "yihui",
      "RemoteRef": "master",
      "RemoteSha": "925b9b345528ba9689b4a4144ba35ab6d952e55b",
      "Hash": "082c0e7adf7bf6b6a76869ea46714a76"
    },
    "labeling": {
      "Package": "labeling",
      "Version": "0.3",
      "Source": "Repository",
      "Repository": "CRAN",
      "Hash": "73832978c1de350df58108c745ed0e3e"
    },
    "later": {
      "Package": "later",
      "Version": "1.0.0",
      "Source": "GitHub",
      "RemoteType": "github",
      "RemoteHost": "api.github.com",
      "RemoteRepo": "later",
      "RemoteUsername": "r-lib",
      "RemoteRef": "v1.0.0",
      "RemoteSha": "0364de987b269430b699e45f28dc127a6ae38861",
      "Hash": "5fc9c46014ed4093b8f4774ff9fd11f6"
    },
    "lattice": {
      "Package": "lattice",
      "Version": "0.20-38",
      "Source": "Repository",
      "Repository": "CRAN",
      "Hash": "848f8c593fd1050371042d18d152e3d7"
    },
    "lazyeval": {
      "Package": "lazyeval",
      "Version": "0.2.2",
      "Source": "Repository",
      "Repository": "CRAN",
      "Hash": "d908914ae53b04d4c0c0fd72ecc35370"
    },
    "lifecycle": {
      "Package": "lifecycle",
      "Version": "0.2.0.9000",
      "Source": "GitHub",
      "RemoteType": "github",
      "RemoteHost": "api.github.com",
      "RemoteRepo": "lifecycle",
      "RemoteUsername": "r-lib",
      "RemoteRef": "master",
      "RemoteSha": "355dcba8530bcce57c15847165ca568f9f81b43e",
      "Hash": "0364ab5e0dcc71b46ca0bc6ce8bcc2cf"
    },
    "lubridate": {
      "Package": "lubridate",
      "Version": "1.7.4",
      "Source": "Repository",
      "Repository": "CRAN",
      "Hash": "796afeea047cda6bdb308d374a33eeb6"
    },
    "magrittr": {
      "Package": "magrittr",
      "Version": "1.5",
      "Source": "Repository",
      "Repository": "CRAN",
      "Hash": "1bb58822a20301cee84a41678e25d9b7"
    },
    "memoise": {
      "Package": "memoise",
      "Version": "1.1.0",
      "Source": "Repository",
      "Repository": "CRAN",
      "Hash": "58baa74e4603fcfb9a94401c58c8f9b1"
    },
    "mgcv": {
      "Package": "mgcv",
      "Version": "1.8-27",
      "Source": "Repository",
      "Repository": "CRAN",
      "Hash": "060d447c4c913cbf2e66306e4c664417"
    },
    "mime": {
      "Package": "mime",
      "Version": "0.6",
      "Source": "Repository",
      "Repository": "CRAN",
      "Hash": "65dd22e780565119a78036189cb3b885"
    },
    "munsell": {
      "Package": "munsell",
      "Version": "0.5.0",
      "Source": "Repository",
      "Repository": "CRAN",
      "Hash": "6dfe8bf774944bd5595785e3229d8771"
    },
    "nlme": {
      "Package": "nlme",
      "Version": "3.1-137",
      "Source": "Repository",
      "Repository": "CRAN",
      "Hash": "4320ab595f7bbff5458bc6a044a57fc0"
    },
    "odbc": {
      "Package": "odbc",
      "Version": "1.3.0",
      "Source": "GitHub",
      "RemoteType": "github",
      "RemoteHost": "api.github.com",
      "RemoteRepo": "odbc",
      "RemoteUsername": "r-dbi",
      "RemoteRef": "v1.3.0",
      "RemoteSha": "8945fdcfff9551b126a833cd391ca18e83ca7476",
      "Hash": "592317d62a9973852c25a9eaeb9fc8c7"
    },
    "openssl": {
      "Package": "openssl",
      "Version": "1.3",
      "Source": "Repository",
      "Repository": "CRAN",
      "Hash": "2a9e2d199c54f6061aba18976e958b1c"
    },
    "packrat": {
      "Package": "packrat",
      "Version": "0.7.0",
      "Source": "GitHub",
      "RemoteType": "github",
      "RemoteHost": "api.github.com",
      "RemoteRepo": "packrat",
      "RemoteUsername": "rstudio",
      "RemoteRef": "v0.7.0",
      "RemoteSha": "e013a87e0949982ab5c52705be722580bb13b0d4",
      "Hash": "f20472cb5c4f607ecc15f505a0bb8b5e"
    },
    "pillar": {
      "Package": "pillar",
      "Version": "1.4.4",
      "Source": "GitHub",
      "RemoteType": "github",
      "RemoteHost": "api.github.com",
      "RemoteRepo": "pillar",
      "RemoteUsername": "r-lib",
      "RemoteRef": "master",
      "RemoteSha": "2f5ad11bfe54906705073cc52a808e0a51998fb4",
      "Hash": "fae576967a4f91505bd847f226063266"
    },
    "pipeR": {
      "Package": "pipeR",
      "Version": "0.6.1.3",
      "Source": "Repository",
      "Repository": "CRAN",
      "Hash": "2e6b0349f47042bdbe0f8fc8e7e1e235"
    },
    "pkgbuild": {
      "Package": "pkgbuild",
      "Version": "1.0.3",
      "Source": "Repository",
      "Repository": "CRAN",
      "Hash": "74d289e18e8cb14988e47eb811b0b4e9"
    },
    "pkgconfig": {
      "Package": "pkgconfig",
      "Version": "2.0.2",
      "Source": "Repository",
      "Repository": "CRAN",
      "Hash": "f5940986fb19bcef52284068baeb3f29"
    },
    "pkgload": {
      "Package": "pkgload",
      "Version": "1.0.2",
      "Source": "Repository",
      "Repository": "CRAN",
      "Hash": "5e655fb54cceead0f095f22d7be33da3"
    },
    "plogr": {
      "Package": "plogr",
      "Version": "0.2.0",
      "Source": "Repository",
      "Repository": "CRAN",
      "Hash": "09eb987710984fc2905c7129c7d85e65"
    },
    "plyr": {
      "Package": "plyr",
      "Version": "1.8.4",
      "Source": "Repository",
      "Repository": "CRAN",
      "Hash": "23026346e3e0f023f326919320627a01"
    },
    "pool": {
      "Package": "pool",
      "Version": "0.1.4.2",
      "Source": "Repository",
      "Repository": "CRAN",
      "Hash": "dcba7a9abc6f4c3bc3fd9b5f22aff7a0"
    },
    "praise": {
      "Package": "praise",
      "Version": "1.0.0",
      "Source": "Repository",
      "Repository": "CRAN",
      "Hash": "a555924add98c99d2f411e37e7d25e9f"
    },
    "prettyunits": {
      "Package": "prettyunits",
      "Version": "1.0.2",
      "Source": "Repository",
      "Repository": "CRAN",
      "Hash": "f3c960f0105f2ed179460864979fc37c"
    },
    "processx": {
      "Package": "processx",
      "Version": "3.3.0",
      "Source": "Repository",
      "Repository": "CRAN",
      "Hash": "6e1b10667cecfb3e471cc47002a841af"
    },
    "progress": {
      "Package": "progress",
      "Version": "1.2.0",
      "Source": "Repository",
      "Repository": "CRAN",
      "Hash": "0ecf0b69c567b4d05914f3589c079717"
    },
    "promises": {
      "Package": "promises",
      "Version": "1.1.0.9000",
      "Source": "GitHub",
      "RemoteType": "github",
      "RemoteHost": "api.github.com",
      "RemoteRepo": "promises",
      "RemoteUsername": "rstudio",
      "RemoteRef": "master",
      "RemoteSha": "dfc2754b6f9f463c2319d047973a53d5f86bf771",
      "Hash": "27adc19bcc4f88df751c717d41c22533"
    },
    "ps": {
      "Package": "ps",
      "Version": "1.3.0",
      "Source": "Repository",
      "Repository": "CRAN",
      "Hash": "919a32c940a25bc95fd464df9998a6ba"
    },
    "purrr": {
      "Package": "purrr",
      "Version": "0.3.4.9000",
      "Source": "GitHub",
      "RemoteType": "github",
      "RemoteHost": "api.github.com",
      "RemoteRepo": "purrr",
      "RemoteUsername": "tidyverse",
      "RemoteRef": "master",
      "RemoteSha": "6d44d79e302652fa01ea478fd337c799e1535961",
      "Hash": "f5b44379ce028cf6f2a387aab95fe8c8"
    },
    "quantmod": {
      "Package": "quantmod",
      "Version": "0.4-14",
      "Source": "Repository",
      "Repository": "CRAN",
      "Hash": "fa6132e555e869bf2a2ab7526ea8ce3d"
    },
    "rcmdcheck": {
      "Package": "rcmdcheck",
      "Version": "1.3.2",
      "Source": "Repository",
      "Repository": "CRAN",
      "Hash": "b9343c89dec4d41a13181df4bcd5136f"
    },
    "readxl": {
      "Package": "readxl",
      "Version": "1.3.1",
      "Source": "Repository",
      "Repository": "CRAN",
      "Hash": "63537c483c2dbec8d9e3183b3735254a"
    },
    "rematch": {
      "Package": "rematch",
      "Version": "1.0.1",
      "Source": "Repository",
      "Repository": "CRAN",
      "Hash": "c66b930d20bb6d858cd18e1cebcfae5c"
    },
    "rematch2": {
      "Package": "rematch2",
      "Version": "2.0.1",
      "Source": "Repository",
      "Repository": "CRAN",
      "Hash": "d22ce2ccd9ca1fa6d7d391c2a19ea778"
    },
    "remotes": {
      "Package": "remotes",
      "Version": "2.1.0",
      "Source": "GitHub",
      "RemoteType": "github",
      "RemoteHost": "api.github.com",
      "RemoteRepo": "remotes",
      "RemoteUsername": "r-lib",
      "RemoteRef": "v2.1.0",
      "RemoteSha": "b3b52721cdcadcf12110ea3ab8f41ecf0bb24535",
      "Hash": "0b70763fd5f7f13ed83fd40b3074b396"
    },
    "renv": {
      "Package": "renv",
      "Version": "0.11.0-23",
      "Source": "GitHub",
      "RemoteType": "github",
      "RemoteHost": "api.github.com",
      "RemoteRepo": "renv",
      "RemoteUsername": "rstudio",
      "RemoteRef": "master",
      "RemoteSha": "735e17f696e17873895891f4e0a84c578344e0f6",
      "Hash": "9db3297a4b02f74e62391237ed2bbea2"
    },
    "reshape2": {
      "Package": "reshape2",
      "Version": "1.4.3",
      "Source": "Repository",
      "Repository": "CRAN",
      "Hash": "15a23ad30f51789188e439599559815c"
    },
    "rintrojs": {
      "Package": "rintrojs",
      "Version": "0.2.2",
      "Source": "GitHub",
      "RemoteType": "github",
      "RemoteHost": "api.github.com",
      "RemoteRepo": "rintrojs",
      "RemoteUsername": "carlganz",
      "RemoteRef": "master",
      "RemoteSha": "42d8571a28930b3023150b73462e45d65ead59d2",
      "Hash": "d0e35bf343963511ad3e7797d9ea2dc4"
    },
    "rlang": {
      "Package": "rlang",
      "Version": "0.4.7",
      "Source": "GitHub",
      "RemoteType": "github",
      "RemoteHost": "api.github.com",
      "RemoteRepo": "rlang",
      "RemoteUsername": "r-lib",
      "RemoteRef": "v0.4.7",
      "RemoteSha": "d5dfb6b1d0fe5e2b28654bcad1fe45d043289106",
      "Hash": "d9187da2ddc9e5209a51089fc3f523ca"
    },
    "rlist": {
      "Package": "rlist",
      "Version": "0.4.6.1",
      "Source": "Repository",
      "Repository": "CRAN",
      "Hash": "75886cbfe663d94199639f442d43836a"
    },
    "rmarkdown": {
      "Package": "rmarkdown",
      "Version": "2.10",
      "Source": "GitHub",
      "RemoteType": "github",
      "RemoteHost": "api.github.com",
      "RemoteRepo": "rmarkdown",
      "RemoteUsername": "rstudio",
      "RemoteRef": "v2.10",
      "RemoteSha": "02d3c2512686fda9c14c2a0e300aa02525f16ca5",
      "Hash": "59b1a1a40f21d345b7cd795291ea1605"
    },
    "roxygen2": {
      "Package": "roxygen2",
      "Version": "7.1.0.9000",
      "Source": "GitHub",
      "RemoteType": "github",
      "RemoteHost": "api.github.com",
      "RemoteRepo": "roxygen2",
      "RemoteUsername": "r-lib",
      "RemoteRef": "master",
      "RemoteSha": "2a068b181bc15ec55545ddd752f5341471f5e74a",
      "Hash": "bdabecc094b2f61e7da80b5d69021cb9"
    },
    "rprojroot": {
      "Package": "rprojroot",
      "Version": "1.3-2",
      "Source": "Repository",
      "Repository": "CRAN",
      "Hash": "f6a407ae5dd21f6f80a6708bbb6eb3ae"
    },
    "rsconnect": {
      "Package": "rsconnect",
      "Version": "0.8.25",
      "Source": "GitHub",
      "RemoteType": "github",
      "RemoteHost": "api.github.com",
      "RemoteRepo": "rsconnect",
      "RemoteUsername": "rstudio",
      "RemoteRef": "v0.8.25",
      "RemoteSha": "95d66741e320a9bbdb1bef4ce5f666205a77d8eb",
      "Hash": "63d70df381409842b84470d5878e45a9"
    },
    "rstudioapi": {
      "Package": "rstudioapi",
      "Version": "0.11.0-9000",
      "Source": "GitHub",
      "RemoteType": "github",
      "RemoteHost": "api.github.com",
      "RemoteRepo": "rstudioapi",
      "RemoteUsername": "rstudio",
      "RemoteRef": "master",
      "RemoteSha": "1842116051eae265ebbf5464831e7d92abb851b1",
      "Hash": "1cfef986fe60b229dc976f2d2ca8bf6e"
    },
    "scales": {
      "Package": "scales",
      "Version": "1.0.0",
      "Source": "Repository",
      "Repository": "CRAN",
      "Hash": "2e46c8ab2c109085d5b3a775ea2df19c"
    },
    "sessioninfo": {
      "Package": "sessioninfo",
      "Version": "1.1.1",
      "Source": "Repository",
      "Repository": "CRAN",
      "Hash": "308013098befe37484df72c39cf90d6e"
    },
    "shiny": {
      "Package": "shiny",
      "Version": "1.5.0",
      "Source": "GitHub",
      "RemoteType": "github",
      "RemoteHost": "api.github.com",
      "RemoteRepo": "shiny",
      "RemoteUsername": "rstudio",
      "RemoteRef": "v1.5.0",
      "RemoteSha": "da6df5da9e4ab40e2ed0afa846d5b2d172b647c1",
      "Hash": "6e4e2925d40be8ece7d9843b32dcabe2"
    },
    "shinyEffects": {
      "Package": "shinyEffects",
      "Version": "0.2.0.9000",
      "Source": "GitHub",
      "RemoteType": "github",
      "RemoteHost": "https://api.github.com",
      "RemoteRepo": "shinyEffects",
      "RemoteUsername": "RinteRface",
      "RemoteRef": "master",
      "RemoteSha": "7f50e9c0b288f9e49f9cf7a1c92c0f12ae012390",
      "Hash": "d9f4d0ef5b705df13e387ba61bb78712"
    },
    "shinyFeedback": {
      "Package": "shinyFeedback",
      "Version": "0.3.0",
      "Source": "GitHub",
      "RemoteType": "github",
      "RemoteHost": "api.github.com",
      "RemoteRepo": "shinyFeedback",
      "RemoteUsername": "merlinoa",
      "RemoteRef": "v0.3.0",
      "RemoteSha": "b03418783d08a18fe577c712d540dc9bad863b4f",
      "Hash": "270ef6dd33e85c453a897f306f4e8327"
    },
    "shinyFiles": {
      "Package": "shinyFiles",
      "Version": "0.7.2",
      "Source": "Repository",
      "Repository": "CRAN",
      "Hash": "bdeb911283ae522317d57a5f472c03a7"
    },
    "shinyWidgets": {
      "Package": "shinyWidgets",
      "Version": "0.5.3",
      "Source": "GitHub",
      "RemoteType": "github",
      "RemoteHost": "api.github.com",
      "RemoteRepo": "shinyWidgets",
      "RemoteUsername": "dreamRs",
      "RemoteRef": "v0.5.3",
      "RemoteSha": "4c163dcfcd61ee9d2b6bb71668cb50afbd2f0207",
      "Hash": "c39ecd5415f7e90539e5f8e982397d6e"
    },
    "shinybusy": {
      "Package": "shinybusy",
      "Version": "0.2.0.920",
      "Source": "GitHub",
      "RemoteType": "github",
      "RemoteHost": "api.github.com",
      "RemoteRepo": "shinybusy",
      "RemoteUsername": "dreamRs",
      "RemoteRef": "master",
      "RemoteSha": "ae55302cafabe526e47afdf598e9d79131bb0ffd",
      "Hash": "d176e82fba27aa13edb648884ff863ed"
    },
    "shinydashboard": {
      "Package": "shinydashboard",
      "Version": "0.7.1",
      "Source": "Repository",
      "Repository": "CRAN",
      "Hash": "133639dc106955eee4ffb8ec73edac37"
    },
    "shinydashboardPlus": {
      "Package": "shinydashboardPlus",
      "Version": "0.7.5",
      "Source": "GitHub",
      "RemoteType": "github",
      "RemoteHost": "https://api.github.com",
      "RemoteRepo": "shinydashboardPlus",
      "RemoteUsername": "RinteRface",
      "RemoteRef": "master",
      "RemoteSha": "b13265ba291043e2135aef0ecd32d2dc0bdb32b4",
      "Hash": "419e1a9497c0393058151ff4edb63396"
    },
    "shinyjqui": {
      "Package": "shinyjqui",
      "Version": "0.3.2",
      "Source": "Repository",
      "Repository": "CRAN",
      "Hash": "66e6b1e4d892c5486f843947c7890aa3"
    },
    "shinyjs": {
      "Package": "shinyjs",
      "Version": "1.0",
      "Source": "Repository",
      "Repository": "CRAN",
      "Hash": "7b54dd72674b2a3793cb364c20cba41e"
    },
    "shinytoastr": {
      "Package": "shinytoastr",
      "Version": "2.1.1",
      "Source": "Repository",
      "Repository": "CRAN",
      "Hash": "9e2768fd640e803d18ee95530939029e"
    },
    "sodium": {
      "Package": "sodium",
      "Version": "1.1",
      "Source": "Repository",
      "Repository": "CRAN",
      "Hash": "9f07fda8802e9a2ed7e91f20f2d814ce"
    },
    "sourcetools": {
      "Package": "sourcetools",
      "Version": "0.1.7",
      "Source": "Repository",
      "Repository": "CRAN",
      "Hash": "947e4e02a79effa5d512473e10f41797"
    },
    "spelling": {
      "Package": "spelling",
      "Version": "2.1",
      "Source": "Repository",
      "Repository": "CRAN",
      "Hash": "b3a5ecc3351f41eb30ef87f65cbff390"
    },
    "stringi": {
      "Package": "stringi",
      "Version": "1.4.3",
      "Source": "Repository",
      "Repository": "CRAN",
      "Hash": "74a50760af835563fb2c124e66aa134e"
    },
    "stringr": {
      "Package": "stringr",
      "Version": "1.4.0",
      "Source": "Repository",
      "Repository": "CRAN",
      "Hash": "0759e6b6c0957edb1311028a49a35e76"
    },
    "striprtf": {
      "Package": "striprtf",
      "Version": "0.5.2",
      "Source": "Repository",
      "Repository": "RSPM",
      "Hash": "77102ffd3863e125da9898f9c2825f7b"
    },
    "sys": {
      "Package": "sys",
      "Version": "3.1",
      "Source": "Repository",
      "Repository": "CRAN",
      "Hash": "22319ae218b22b9a14d5e7ecbf841703"
    },
    "testthat": {
      "Package": "testthat",
      "Version": "2.0.1",
      "Source": "Repository",
      "Repository": "CRAN",
      "Hash": "c585617eb4a1d275f498fb08ea78225d"
    },
    "tibble": {
      "Package": "tibble",
      "Version": "3.0.3",
      "Source": "GitHub",
      "RemoteType": "github",
      "RemoteHost": "api.github.com",
      "RemoteRepo": "tibble",
      "RemoteUsername": "tidyverse",
      "RemoteRef": "v3.0.3",
      "RemoteSha": "2a5fba0eabe7bec8016c152a81d79744a343671f",
      "Hash": "9cbf90082c19905bb4cae64db8f69046"
    },
    "tidyr": {
      "Package": "tidyr",
      "Version": "1.0.3.9000",
      "Source": "GitHub",
      "RemoteType": "github",
      "RemoteHost": "api.github.com",
      "RemoteRepo": "tidyr",
      "RemoteUsername": "tidyverse",
      "RemoteRef": "master",
      "RemoteSha": "b96be40f0864e33569cada98806a2e56ffae8261",
      "Hash": "f3a8af43ed753c85ad9db179f5c295b4"
    },
    "tidyselect": {
      "Package": "tidyselect",
      "Version": "1.1.0.9000",
      "Source": "GitHub",
      "RemoteType": "github",
      "RemoteHost": "api.github.com",
      "RemoteRepo": "tidyselect",
      "RemoteUsername": "tidyverse",
      "RemoteRef": "master",
      "RemoteSha": "87a0a9baf75fb15f6c548352cdb2ea8afd338f82",
      "Hash": "9f2002b43dc140aed1a7b201eff5a380"
    },
    "tinytex": {
      "Package": "tinytex",
      "Version": "0.31",
      "Source": "GitHub",
      "RemoteType": "github",
      "RemoteHost": "api.github.com",
      "RemoteRepo": "tinytex",
      "RemoteUsername": "rstudio",
      "RemoteRef": "v0.31",
      "RemoteSha": "ab46c449edda4e1a3a49cdc3b239e454424703c4",
      "Hash": "c89685f7e714c4be318f3369b73429e8"
    },
    "toOrdinal": {
      "Package": "toOrdinal",
      "Version": "1.1-0.0",
      "Source": "Repository",
      "Repository": "CRAN",
      "Hash": "986b3f99e96a096469dcd4e04af8d794"
    },
    "usethis": {
      "Package": "usethis",
      "Version": "1.6.0",
      "Source": "GitHub",
      "RemoteType": "github",
      "RemoteHost": "api.github.com",
      "RemoteRepo": "usethis",
      "RemoteUsername": "r-lib",
      "RemoteRef": "v1.6.0",
      "RemoteSha": "f6a29a39344594cefbb50fb23199637a0d3711ca",
      "Hash": "6e68aa93a0a364882ffba61247b087e2"
    },
    "utf8": {
      "Package": "utf8",
      "Version": "1.1.4",
      "Source": "Repository",
      "Repository": "CRAN",
      "Hash": "4a5081acfb7b81a572e4384a7aaf2af1"
    },
    "vctrs": {
      "Package": "vctrs",
      "Version": "0.3.2",
      "Source": "GitHub",
      "RemoteType": "github",
      "RemoteHost": "api.github.com",
      "RemoteRepo": "vctrs",
      "RemoteUsername": "r-lib",
      "RemoteRef": "v0.3.2",
      "RemoteSha": "5edb8806b0e7de0953c82a002bdacbd3effa8df3",
      "Hash": "0e5e4f5cbe4c7d2944cb371b5158575d"
    },
    "viridisLite": {
      "Package": "viridisLite",
      "Version": "0.3.0",
      "Source": "Repository",
      "Repository": "CRAN",
      "Hash": "ce4f6271baa94776db692f1cb2055bee"
    },
    "whisker": {
      "Package": "whisker",
      "Version": "0.3-2",
      "Source": "Repository",
      "Repository": "CRAN",
      "Hash": "c944abf3f12a97b8369a6f6ba8186d23"
    },
    "withr": {
      "Package": "withr",
      "Version": "2.1.2",
      "Source": "Repository",
      "Repository": "CRAN",
      "Hash": "aa57ed55ff2df4bea697a07df528993d"
    },
    "xfun": {
      "Package": "xfun",
      "Version": "0.30.3",
      "Source": "GitHub",
      "RemoteType": "github",
      "RemoteHost": "api.github.com",
      "RemoteRepo": "xfun",
      "RemoteUsername": "yihui",
      "RemoteRef": "master",
      "RemoteSha": "5557263bfd064efcfe7f241f094f8e5b73e427c8",
      "Hash": "7d656ed9550b7ceac9bb190d96b280c7"
    },
    "xml2": {
      "Package": "xml2",
      "Version": "1.2.0",
      "Source": "Repository",
      "Repository": "CRAN",
      "Hash": "300860f90d5798249a0a8ad9271d4c18"
    },
    "xopen": {
      "Package": "xopen",
      "Version": "1.0.0",
      "Source": "Repository",
      "Repository": "CRAN",
      "Hash": "6c85f015dee9cc7710ddd20f86881f58"
    },
    "xtable": {
      "Package": "xtable",
      "Version": "1.8-3",
      "Source": "Repository",
      "Repository": "CRAN",
      "Hash": "7f777cd034efddabf07fcaf2f287ec43"
    },
    "xts": {
      "Package": "xts",
      "Version": "0.11-2",
      "Source": "Repository",
      "Repository": "CRAN",
      "Hash": "4322d0b1ed0dc74b2f9ae24b751f72de"
    },
    "yaml": {
      "Package": "yaml",
      "Version": "2.2.0",
      "Source": "Repository",
      "Repository": "CRAN",
      "Hash": "c78bdf1d16bd4ec7ecc86c6986d53309"
    },
    "zoo": {
      "Package": "zoo",
      "Version": "1.8-5",
      "Source": "Repository",
      "Repository": "CRAN",
      "Hash": "8f20b2645d92ead2744d74f755b0c459"
    }
  }
}
